#MicroXplorer Configuration settings - do not modify
ADC.Channel-0\#ChannelRegularConversion=ADC_CHANNEL_VREFINT
ADC.Channel-1\#ChannelRegularConversion=ADC_CHANNEL_3
ADC.EnableRegularConversion=ENABLE
ADC.IPParameters=NbrOfConversion,SelectedChannel,EnableRegularConversion,Rank-0\#ChannelRegularConversion,Channel-0\#ChannelRegularConversion,SamplingTime-0\#ChannelRegularConversion,NbrOfConversionFlag,Rank-1\#ChannelRegularConversion,Channel-1\#ChannelRegularConversion,SamplingTime-1\#ChannelRegularConversion,SamplingTimeCommon1,SamplingTimeCommon2
ADC.NbrOfConversion=2
ADC.NbrOfConversionFlag=1
ADC.Rank-0\#ChannelRegularConversion=1
ADC.Rank-1\#ChannelRegularConversion=2
ADC.SamplingTime-0\#ChannelRegularConversion=ADC_SAMPLINGTIME_COMMON_1
ADC.SamplingTime-1\#ChannelRegularConversion=ADC_SAMPLINGTIME_COMMON_1
ADC.SamplingTimeCommon1=ADC_SAMPLETIME_160CYCLES_5
ADC.SamplingTimeCommon2=ADC_SAMPLETIME_160CYCLES_5
ADC.SelectedChannel=ADC_CHANNEL_3|ADC_CHANNEL_VREFINT
CAD.formats=
CAD.pinconfig=
CAD.provider=
Dma.ADC.0.Direction=DMA_PERIPH_TO_MEMORY
Dma.ADC.0.EventEnable=DISABLE
Dma.ADC.0.Instance=DMA1_Channel1
Dma.ADC.0.MemDataAlignment=DMA_MDATAALIGN_HALFWORD
Dma.ADC.0.MemInc=DMA_MINC_ENABLE
Dma.ADC.0.Mode=DMA_NORMAL
Dma.ADC.0.PeriphDataAlignment=DMA_PDATAALIGN_HALFWORD
Dma.ADC.0.PeriphInc=DMA_PINC_DISABLE
Dma.ADC.0.Polarity=HAL_DMAMUX_REQ_GEN_RISING
Dma.ADC.0.Priority=DMA_PRIORITY_LOW
Dma.ADC.0.RequestNumber=1
Dma.ADC.0.RequestParameters=Instance,Direction,PeriphInc,MemInc,PeriphDataAlignment,MemDataAlignment,Mode,Priority,SignalID,Polarity,RequestNumber,SyncSignalID,SyncPolarity,SyncEnable,EventEnable,SyncRequestNumber
Dma.ADC.0.SignalID=NONE
Dma.ADC.0.SyncEnable=DISABLE
Dma.ADC.0.SyncPolarity=HAL_DMAMUX_SYNC_NO_EVENT
Dma.ADC.0.SyncRequestNumber=1
Dma.ADC.0.SyncSignalID=NONE
Dma.I2C1_RX.1.Direction=DMA_PERIPH_TO_MEMORY
Dma.I2C1_RX.1.EventEnable=DISABLE
Dma.I2C1_RX.1.Instance=DMA1_Channel2
Dma.I2C1_RX.1.MemDataAlignment=DMA_MDATAALIGN_BYTE
Dma.I2C1_RX.1.MemInc=DMA_MINC_ENABLE
Dma.I2C1_RX.1.Mode=DMA_NORMAL
Dma.I2C1_RX.1.PeriphDataAlignment=DMA_PDATAALIGN_BYTE
Dma.I2C1_RX.1.PeriphInc=DMA_PINC_DISABLE
Dma.I2C1_RX.1.Polarity=HAL_DMAMUX_REQ_GEN_RISING
Dma.I2C1_RX.1.Priority=DMA_PRIORITY_LOW
Dma.I2C1_RX.1.RequestNumber=1
Dma.I2C1_RX.1.RequestParameters=Instance,Direction,PeriphInc,MemInc,PeriphDataAlignment,MemDataAlignment,Mode,Priority,SignalID,Polarity,RequestNumber,SyncSignalID,SyncPolarity,SyncEnable,EventEnable,SyncRequestNumber
Dma.I2C1_RX.1.SignalID=NONE
Dma.I2C1_RX.1.SyncEnable=DISABLE
Dma.I2C1_RX.1.SyncPolarity=HAL_DMAMUX_SYNC_NO_EVENT
Dma.I2C1_RX.1.SyncRequestNumber=1
Dma.I2C1_RX.1.SyncSignalID=NONE
Dma.I2C1_TX.2.Direction=DMA_MEMORY_TO_PERIPH
Dma.I2C1_TX.2.EventEnable=DISABLE
Dma.I2C1_TX.2.Instance=DMA1_Channel3
Dma.I2C1_TX.2.MemDataAlignment=DMA_MDATAALIGN_BYTE
Dma.I2C1_TX.2.MemInc=DMA_MINC_ENABLE
Dma.I2C1_TX.2.Mode=DMA_NORMAL
Dma.I2C1_TX.2.PeriphDataAlignment=DMA_PDATAALIGN_BYTE
Dma.I2C1_TX.2.PeriphInc=DMA_PINC_DISABLE
Dma.I2C1_TX.2.Polarity=HAL_DMAMUX_REQ_GEN_RISING
Dma.I2C1_TX.2.Priority=DMA_PRIORITY_LOW
Dma.I2C1_TX.2.RequestNumber=1
Dma.I2C1_TX.2.RequestParameters=Instance,Direction,PeriphInc,MemInc,PeriphDataAlignment,MemDataAlignment,Mode,Priority,SignalID,Polarity,RequestNumber,SyncSignalID,SyncPolarity,SyncEnable,EventEnable,SyncRequestNumber
Dma.I2C1_TX.2.SignalID=NONE
Dma.I2C1_TX.2.SyncEnable=DISABLE
Dma.I2C1_TX.2.SyncPolarity=HAL_DMAMUX_SYNC_NO_EVENT
Dma.I2C1_TX.2.SyncRequestNumber=1
Dma.I2C1_TX.2.SyncSignalID=NONE
Dma.I2C2_RX.3.Direction=DMA_PERIPH_TO_MEMORY
Dma.I2C2_RX.3.EventEnable=DISABLE
Dma.I2C2_RX.3.Instance=DMA1_Channel4
Dma.I2C2_RX.3.MemDataAlignment=DMA_MDATAALIGN_BYTE
Dma.I2C2_RX.3.MemInc=DMA_MINC_ENABLE
Dma.I2C2_RX.3.Mode=DMA_NORMAL
Dma.I2C2_RX.3.PeriphDataAlignment=DMA_PDATAALIGN_BYTE
Dma.I2C2_RX.3.PeriphInc=DMA_PINC_DISABLE
Dma.I2C2_RX.3.Polarity=HAL_DMAMUX_REQ_GEN_RISING
Dma.I2C2_RX.3.Priority=DMA_PRIORITY_LOW
Dma.I2C2_RX.3.RequestNumber=1
Dma.I2C2_RX.3.RequestParameters=Instance,Direction,PeriphInc,MemInc,PeriphDataAlignment,MemDataAlignment,Mode,Priority,SignalID,Polarity,RequestNumber,SyncSignalID,SyncPolarity,SyncEnable,EventEnable,SyncRequestNumber
Dma.I2C2_RX.3.SignalID=NONE
Dma.I2C2_RX.3.SyncEnable=DISABLE
Dma.I2C2_RX.3.SyncPolarity=HAL_DMAMUX_SYNC_NO_EVENT
Dma.I2C2_RX.3.SyncRequestNumber=1
Dma.I2C2_RX.3.SyncSignalID=NONE
Dma.I2C2_TX.4.Direction=DMA_MEMORY_TO_PERIPH
Dma.I2C2_TX.4.EventEnable=DISABLE
Dma.I2C2_TX.4.Instance=DMA1_Channel5
Dma.I2C2_TX.4.MemDataAlignment=DMA_MDATAALIGN_BYTE
Dma.I2C2_TX.4.MemInc=DMA_MINC_ENABLE
Dma.I2C2_TX.4.Mode=DMA_NORMAL
Dma.I2C2_TX.4.PeriphDataAlignment=DMA_PDATAALIGN_BYTE
Dma.I2C2_TX.4.PeriphInc=DMA_PINC_DISABLE
Dma.I2C2_TX.4.Polarity=HAL_DMAMUX_REQ_GEN_RISING
Dma.I2C2_TX.4.Priority=DMA_PRIORITY_LOW
Dma.I2C2_TX.4.RequestNumber=1
Dma.I2C2_TX.4.RequestParameters=Instance,Direction,PeriphInc,MemInc,PeriphDataAlignment,MemDataAlignment,Mode,Priority,SignalID,Polarity,RequestNumber,SyncSignalID,SyncPolarity,SyncEnable,EventEnable,SyncRequestNumber
Dma.I2C2_TX.4.SignalID=NONE
Dma.I2C2_TX.4.SyncEnable=DISABLE
Dma.I2C2_TX.4.SyncPolarity=HAL_DMAMUX_SYNC_NO_EVENT
Dma.I2C2_TX.4.SyncRequestNumber=1
Dma.I2C2_TX.4.SyncSignalID=NONE
Dma.Request0=ADC
Dma.Request1=I2C1_RX
Dma.Request2=I2C1_TX
Dma.Request3=I2C2_RX
Dma.Request4=I2C2_TX
Dma.Request5=USART1_RX
Dma.Request6=USART1_TX
Dma.Request7=USART2_RX
Dma.Request8=USART2_TX
Dma.RequestsNb=9
Dma.USART1_RX.5.Direction=DMA_PERIPH_TO_MEMORY
Dma.USART1_RX.5.EventEnable=DISABLE
Dma.USART1_RX.5.Instance=DMA1_Channel6
Dma.USART1_RX.5.MemDataAlignment=DMA_MDATAALIGN_BYTE
Dma.USART1_RX.5.MemInc=DMA_MINC_ENABLE
Dma.USART1_RX.5.Mode=DMA_NORMAL
Dma.USART1_RX.5.PeriphDataAlignment=DMA_PDATAALIGN_BYTE
Dma.USART1_RX.5.PeriphInc=DMA_PINC_DISABLE
Dma.USART1_RX.5.Polarity=HAL_DMAMUX_REQ_GEN_RISING
Dma.USART1_RX.5.Priority=DMA_PRIORITY_LOW
Dma.USART1_RX.5.RequestNumber=1
Dma.USART1_RX.5.RequestParameters=Instance,Direction,PeriphInc,MemInc,PeriphDataAlignment,MemDataAlignment,Mode,Priority,SignalID,Polarity,RequestNumber,SyncSignalID,SyncPolarity,SyncEnable,EventEnable,SyncRequestNumber
Dma.USART1_RX.5.SignalID=NONE
Dma.USART1_RX.5.SyncEnable=DISABLE
Dma.USART1_RX.5.SyncPolarity=HAL_DMAMUX_SYNC_NO_EVENT
Dma.USART1_RX.5.SyncRequestNumber=1
Dma.USART1_RX.5.SyncSignalID=NONE
Dma.USART1_TX.6.Direction=DMA_MEMORY_TO_PERIPH
Dma.USART1_TX.6.EventEnable=DISABLE
Dma.USART1_TX.6.Instance=DMA1_Channel7
Dma.USART1_TX.6.MemDataAlignment=DMA_MDATAALIGN_BYTE
Dma.USART1_TX.6.MemInc=DMA_MINC_ENABLE
Dma.USART1_TX.6.Mode=DMA_NORMAL
Dma.USART1_TX.6.PeriphDataAlignment=DMA_PDATAALIGN_BYTE
Dma.USART1_TX.6.PeriphInc=DMA_PINC_DISABLE
Dma.USART1_TX.6.Polarity=HAL_DMAMUX_REQ_GEN_RISING
Dma.USART1_TX.6.Priority=DMA_PRIORITY_LOW
Dma.USART1_TX.6.RequestNumber=1
Dma.USART1_TX.6.RequestParameters=Instance,Direction,PeriphInc,MemInc,PeriphDataAlignment,MemDataAlignment,Mode,Priority,SignalID,Polarity,RequestNumber,SyncSignalID,SyncPolarity,SyncEnable,EventEnable,SyncRequestNumber
Dma.USART1_TX.6.SignalID=NONE
Dma.USART1_TX.6.SyncEnable=DISABLE
Dma.USART1_TX.6.SyncPolarity=HAL_DMAMUX_SYNC_NO_EVENT
Dma.USART1_TX.6.SyncRequestNumber=1
Dma.USART1_TX.6.SyncSignalID=NONE
Dma.USART2_RX.7.Direction=DMA_PERIPH_TO_MEMORY
Dma.USART2_RX.7.EventEnable=DISABLE
Dma.USART2_RX.7.Instance=DMA2_Channel1
Dma.USART2_RX.7.MemDataAlignment=DMA_MDATAALIGN_BYTE
Dma.USART2_RX.7.MemInc=DMA_MINC_ENABLE
Dma.USART2_RX.7.Mode=DMA_NORMAL
Dma.USART2_RX.7.PeriphDataAlignment=DMA_PDATAALIGN_BYTE
Dma.USART2_RX.7.PeriphInc=DMA_PINC_DISABLE
Dma.USART2_RX.7.Polarity=HAL_DMAMUX_REQ_GEN_RISING
Dma.USART2_RX.7.Priority=DMA_PRIORITY_LOW
Dma.USART2_RX.7.RequestNumber=1
Dma.USART2_RX.7.RequestParameters=Instance,Direction,PeriphInc,MemInc,PeriphDataAlignment,MemDataAlignment,Mode,Priority,SignalID,Polarity,RequestNumber,SyncSignalID,SyncPolarity,SyncEnable,EventEnable,SyncRequestNumber
Dma.USART2_RX.7.SignalID=NONE
Dma.USART2_RX.7.SyncEnable=DISABLE
Dma.USART2_RX.7.SyncPolarity=HAL_DMAMUX_SYNC_NO_EVENT
Dma.USART2_RX.7.SyncRequestNumber=1
Dma.USART2_RX.7.SyncSignalID=NONE
Dma.USART2_TX.8.Direction=DMA_MEMORY_TO_PERIPH
Dma.USART2_TX.8.EventEnable=DISABLE
Dma.USART2_TX.8.Instance=DMA2_Channel2
Dma.USART2_TX.8.MemDataAlignment=DMA_MDATAALIGN_BYTE
Dma.USART2_TX.8.MemInc=DMA_MINC_ENABLE
Dma.USART2_TX.8.Mode=DMA_NORMAL
Dma.USART2_TX.8.PeriphDataAlignment=DMA_PDATAALIGN_BYTE
Dma.USART2_TX.8.PeriphInc=DMA_PINC_DISABLE
Dma.USART2_TX.8.Polarity=HAL_DMAMUX_REQ_GEN_RISING
Dma.USART2_TX.8.Priority=DMA_PRIORITY_LOW
Dma.USART2_TX.8.RequestNumber=1
Dma.USART2_TX.8.RequestParameters=Instance,Direction,PeriphInc,MemInc,PeriphDataAlignment,MemDataAlignment,Mode,Priority,SignalID,Polarity,RequestNumber,SyncSignalID,SyncPolarity,SyncEnable,EventEnable,SyncRequestNumber
Dma.USART2_TX.8.SignalID=NONE
Dma.USART2_TX.8.SyncEnable=DISABLE
Dma.USART2_TX.8.SyncPolarity=HAL_DMAMUX_SYNC_NO_EVENT
Dma.USART2_TX.8.SyncRequestNumber=1
Dma.USART2_TX.8.SyncSignalID=NONE
File.Version=6
GPIO.groupedBy=Group By Peripherals
I2C1.I2C_Speed_Mode=I2C_Fast
I2C1.IPParameters=Timing,I2C_Speed_Mode
I2C1.Timing=0x0090194B
I2C2.IPParameters=Timing
I2C2.Timing=0x10805D88
KeepUserPlacement=false
LPTIM1.ClockPrescaler=LPTIM_PRESCALER_DIV128
LPTIM1.IPParameters=ClockPrescaler,UpdateMode
LPTIM1.UpdateMode=LPTIM_UPDATE_ENDOFPERIOD
Mcu.CPN=STM32WLE5CCU6
Mcu.Family=STM32WL
Mcu.IP0=ADC
Mcu.IP1=ADV_TRACE
Mcu.IP10=RTC
Mcu.IP11=SEQUENCER
Mcu.IP12=SUBGHZ
Mcu.IP13=SUBGHZ_PHY
Mcu.IP14=SYS
Mcu.IP15=TIM16
Mcu.IP16=TIM17
Mcu.IP17=TIMER
Mcu.IP18=TINY_LPM
Mcu.IP19=USART1
Mcu.IP2=DEBUG
Mcu.IP20=USART2
Mcu.IP3=DMA
Mcu.IP4=I2C1
Mcu.IP5=I2C2
Mcu.IP6=LPTIM1
Mcu.IP7=MISC
Mcu.IP8=NVIC
Mcu.IP9=RCC
Mcu.IPNb=21
Mcu.Name=STM32WLE5CCUx
Mcu.Package=UFQFPN48
Mcu.Pin0=PB3
Mcu.Pin1=PB4
Mcu.Pin10=PA9
Mcu.Pin11=OSC_IN
Mcu.Pin12=PB0-VDD_TCXO
Mcu.Pin13=PB2
Mcu.Pin14=PB12
Mcu.Pin15=PA10
Mcu.Pin16=PA11
Mcu.Pin17=PA12
Mcu.Pin18=PA13
Mcu.Pin19=PC13
Mcu.Pin2=PB5
Mcu.Pin20=PC14-OSC32_IN
Mcu.Pin21=PC15-OSC32_OUT
Mcu.Pin22=PA14
Mcu.Pin23=PA15
Mcu.Pin24=VP_ADC_Vref_Input
Mcu.Pin25=VP_ADV_TRACE_VS_ADV_TRACE
Mcu.Pin26=VP_LPTIM1_VS_LPTIM_counterModeInternalClock
Mcu.Pin27=VP_MISC_VS_MISC
Mcu.Pin28=VP_RTC_VS_RTC_Activate
Mcu.Pin29=VP_RTC_VS_RTC_Calendar
Mcu.Pin3=PB6
Mcu.Pin30=VP_RTC_VS_RTC_Alarm_A_Intern
Mcu.Pin31=VP_SEQUENCER_VS_SEQUENCER
Mcu.Pin32=VP_SUBGHZ_VS_SUBGHZ
Mcu.Pin33=VP_SUBGHZ_PHY_VS_SubGhzPhy
Mcu.Pin34=VP_SYS_VS_Systick
Mcu.Pin35=VP_TIM16_VS_ClockSourceINT
Mcu.Pin36=VP_TIM17_VS_ClockSourceINT
Mcu.Pin37=VP_TIMER_VS_TIMER
Mcu.Pin38=VP_TINY_LPM_VS_TINY_LPM
Mcu.Pin4=PB7
Mcu.Pin5=PA2
Mcu.Pin6=PA3
Mcu.Pin7=PA6
Mcu.Pin8=PA7
Mcu.Pin9=PA8
Mcu.PinsNb=39
Mcu.ThirdPartyNb=0
Mcu.UserConstants=RTC_PREDIV_A,((1<<(15-RTC_N_PREDIV_S))-1);RTC_PREDIV_S,((1<<RTC_N_PREDIV_S)-1);RTC_N_PREDIV_S,10
Mcu.UserName=STM32WLE5CCUx
MxCube.Version=6.17.0
MxDb.Version=DB.6.0.170
NVIC.BusFault_IRQn=true\:0\:0\:false\:false\:true\:false\:false\:false
NVIC.DMA1_Channel1_IRQn=true\:2\:0\:true\:false\:true\:false\:true\:true
NVIC.DMA1_Channel2_IRQn=true\:2\:0\:true\:false\:true\:false\:true\:true
NVIC.DMA1_Channel3_IRQn=true\:2\:0\:true\:false\:true\:false\:true\:true
NVIC.DMA1_Channel4_IRQn=true\:2\:0\:true\:false\:true\:false\:true\:true
NVIC.DMA1_Channel5_IRQn=true\:2\:0\:true\:false\:true\:false\:true\:true
NVIC.DMA1_Channel6_IRQn=true\:2\:0\:true\:false\:true\:false\:true\:true
NVIC.DMA1_Channel7_IRQn=true\:2\:0\:true\:false\:true\:false\:true\:true
NVIC.DMA2_Channel1_IRQn=true\:2\:0\:true\:false\:true\:false\:true\:true
NVIC.DMA2_Channel2_IRQn=true\:2\:0\:true\:false\:true\:false\:true\:true
NVIC.DebugMonitor_IRQn=true\:0\:0\:false\:false\:true\:false\:false\:false
NVIC.EXTI15_10_IRQn=true\:0\:0\:false\:false\:true\:true\:true\:true
NVIC.EXTI2_IRQn=true\:0\:0\:false\:false\:true\:true\:true\:true
NVIC.ForceEnableDMAVector=true
NVIC.HardFault_IRQn=true\:0\:0\:false\:false\:true\:false\:false\:false
NVIC.LPTIM1_IRQn=true\:0\:0\:false\:false\:true\:true\:true\:true
NVIC.MemoryManagement_IRQn=true\:0\:0\:false\:false\:true\:false\:false\:false
NVIC.NonMaskableInt_IRQn=true\:0\:0\:false\:false\:true\:false\:false\:false
NVIC.PendSV_IRQn=true\:0\:0\:false\:false\:true\:false\:false\:false
NVIC.PriorityGroup=NVIC_PRIORITYGROUP_4
NVIC.RTC_Alarm_IRQn=true\:0\:0\:false\:false\:true\:true\:true\:true
NVIC.SUBGHZ_Radio_IRQn=true\:1\:0\:true\:false\:true\:true\:true\:true
NVIC.SVCall_IRQn=true\:0\:0\:false\:false\:true\:false\:false\:false
NVIC.SysTick_IRQn=true\:15\:0\:false\:false\:true\:false\:true\:false
NVIC.TAMP_STAMP_LSECSS_SSRU_IRQn=true\:0\:0\:false\:false\:true\:true\:true\:true
NVIC.TIM16_IRQn=true\:0\:0\:false\:false\:true\:true\:true\:true
NVIC.TIM17_IRQn=true\:0\:0\:false\:false\:true\:true\:true\:true
NVIC.USART1_IRQn=true\:2\:0\:true\:false\:true\:false\:true\:true
NVIC.USART2_IRQn=true\:2\:0\:true\:false\:true\:false\:true\:true
NVIC.UsageFault_IRQn=true\:0\:0\:false\:false\:true\:false\:false\:false
OSC_IN.Locked=true
OSC_IN.Mode=HSE-TCXO
OSC_IN.Signal=RCC_OSC_IN
PA10.Locked=true
PA10.Mode=Asynchronous
PA10.Signal=USART1_RX
PA11.Locked=true
PA11.Mode=I2C
PA11.Signal=I2C2_SDA
PA12.Locked=true
PA12.Mode=I2C
PA12.Signal=I2C2_SCL
PA13.Mode=Serial_Wire
PA13.Signal=DEBUG_JTMS-SWDIO
PA14.Mode=Serial_Wire
PA14.Signal=DEBUG_JTCK-SWCLK
PA15.GPIOParameters=GPIO_PuPd,GPIO_Label,GPIO_ModeDefaultEXTI
PA15.GPIO_Label=BTN_DOWN
PA15.GPIO_ModeDefaultEXTI=GPIO_MODE_IT_RISING_FALLING
PA15.GPIO_PuPd=GPIO_PULLUP
PA15.Locked=true
PA15.Signal=GPXTI15
PA2.Locked=true
PA2.Mode=Asynchronous
PA2.Signal=USART2_TX
PA3.Locked=true
PA3.Mode=Asynchronous
PA3.Signal=USART2_RX
PA6.GPIOParameters=GPIO_Speed,PinState,GPIO_Label
PA6.GPIO_Label=RF_TXEN
PA6.GPIO_Speed=GPIO_SPEED_FREQ_VERY_HIGH
PA6.Locked=true
PA6.PinState=GPIO_PIN_RESET
PA6.Signal=GPIO_Output
PA7.GPIOParameters=GPIO_Speed,GPIO_Label
PA7.GPIO_Label=RF_RXEN
PA7.GPIO_Speed=GPIO_SPEED_FREQ_VERY_HIGH
PA7.Locked=true
PA7.Signal=GPIO_Output
PA8.GPIOParameters=GPIO_PuPd,GPIO_Label
PA8.GPIO_Label=GNSSEN
PA8.GPIO_PuPd=GPIO_PULLDOWN
PA8.Locked=true
PA8.Signal=GPIO_Output
PA9.Locked=true
PA9.Mode=Asynchronous
PA9.Signal=USART1_TX
PB0-VDD_TCXO.Locked=true
PB0-VDD_TCXO.Mode=HSE-TCXO
PB0-VDD_TCXO.Signal=VDDTCXO
PB12.GPIOParameters=GPIO_PuPd,GPIO_Label,GPIO_ModeDefaultEXTI
PB12.GPIO_Label=BTN_UP
PB12.GPIO_ModeDefaultEXTI=GPIO_MODE_IT_RISING_FALLING
PB12.GPIO_PuPd=GPIO_PULLUP
PB12.Locked=true
PB12.Signal=GPXTI12
PB2.GPIOParameters=GPIO_PuPd,GPIO_Label,GPIO_ModeDefaultEXTI
PB2.GPIO_Label=BTN_OK
PB2.GPIO_ModeDefaultEXTI=GPIO_MODE_IT_RISING_FALLING
PB2.GPIO_PuPd=GPIO_PULLUP
PB2.Locked=true
PB2.Signal=GPXTI2
PB3.GPIOParameters=GPIO_Label
PB3.GPIO_Label=VCC_5V_EN
PB3.Locked=true
PB3.Signal=GPIO_Output
PB4.Locked=true
PB4.Mode=IN3
PB4.Signal=ADC_IN3
PB5.GPIOParameters=GPIO_Label
PB5.GPIO_Label=ADC_EN
PB5.Locked=true
PB5.Signal=GPIO_Output
PB6.GPIOParameters=GPIO_FM6
PB6.GPIO_FM6=SYSCFG_FASTMODEPLUS_PB6
PB6.Locked=true
PB6.Mode=I2C
PB6.Signal=I2C1_SCL
PB7.GPIOParameters=GPIO_FM7
PB7.GPIO_FM7=SYSCFG_FASTMODEPLUS_PB7
PB7.Locked=true
PB7.Mode=I2C
PB7.Signal=I2C1_SDA
PC13.GPIOParameters=GPIO_Label
PC13.GPIO_Label=LED
PC13.Locked=true
PC13.Signal=GPIO_Output
PC14-OSC32_IN.Mode=LSE-External-Oscillator
PC14-OSC32_IN.Signal=RCC_OSC32_IN
PC15-OSC32_OUT.Locked=true
PC15-OSC32_OUT.Mode=LSE-External-Oscillator
PC15-OSC32_OUT.Signal=RCC_OSC32_OUT
PCC.SUBGHZ.FrequencyBand=High
PCC.SUBGHZ.Modulation=FSK
PCC.SUBGHZ.OptionalSettings=false
PCC.SUBGHZ.Output.Power=14
PCC.SUBGHZ.PowerAmplifier=Low Power
PCC.SUBGHZ.RxBoosted=false
PCC.SUBGHZ.SMPS=Off
PinOutPanel.RotationAngle=0
ProjectManager.AskForMigrate=true
ProjectManager.BackupPrevious=false
ProjectManager.CompilerLinker=GCC
ProjectManager.CompilerOptimize=6
ProjectManager.ComputerToolchain=false
ProjectManager.CoupleFile=true
ProjectManager.CustomerFirmwarePackage=
ProjectManager.DefaultFWLocation=true
ProjectManager.DeletePrevious=true
ProjectManager.DeviceId=STM32WLE5CCUx
ProjectManager.FirmwarePackage=STM32Cube FW_WL V1.5.0
ProjectManager.FreePins=false
ProjectManager.FreePinsContext=
ProjectManager.HalAssertFull=false
ProjectManager.HeapSize=0x200
ProjectManager.KeepUserCode=true
ProjectManager.LastFirmware=true
ProjectManager.LibraryCopy=1
ProjectManager.MainLocation=Core/Src
ProjectManager.NoMain=false
ProjectManager.PreviousToolchain=
ProjectManager.ProjectBuild=false
ProjectManager.ProjectFileName=LoRa_SenLinFanghuo.ioc
ProjectManager.ProjectName=LoRa_SenLinFanghuo
ProjectManager.ProjectStructure=
ProjectManager.RegisterCallBack=
ProjectManager.StackSize=0x400
ProjectManager.TargetToolchain=CMake
ProjectManager.ToolChainLocation=
ProjectManager.UAScriptAfterPath=
ProjectManager.UAScriptBeforePath=
ProjectManager.UnderRoot=false
ProjectManager.functionlistsort=1-SystemClock_Config-RCC-false-HAL-false,2-MX_GPIO_Init-GPIO-false-HAL-true,3-MX_DMA_Init-DMA-false-HAL-true,4-MX_ADC_Init-ADC-false-HAL-true,5-MX_I2C1_Init-I2C1-false-HAL-true,6-MX_I2C2_Init-I2C2-false-HAL-true,7-MX_SUBGHZ_Init-SUBGHZ-true-HAL-false,8-MX_USART1_UART_Init-USART1-false-HAL-true,9-MX_USART2_UART_Init-USART2-false-HAL-true,10-MX_SubGHz_Phy_Init-SUBGHZ_PHY-false-HAL-false,11-MX_RTC_Init-RTC-true-HAL-false,12-MX_LPTIM1_Init-LPTIM1-false-HAL-true,13-MX_TIM16_Init-TIM16-false-HAL-true,14-MX_TIM17_Init-TIM17-false-HAL-true
RCC.AHBFreq_Value=48000000
RCC.APB1Freq_Value=48000000
RCC.APB1TimFreq_Value=48000000
RCC.APB2Freq_Value=48000000
RCC.APB2TimFreq_Value=48000000
RCC.APB3Freq_Value=48000000
RCC.CortexFreq_Value=48000000
RCC.FCLKCortexFreq_Value=48000000
RCC.FamilyName=M
RCC.HCLK3Freq_Value=48000000
RCC.HCLKFreq_Value=48000000
RCC.HSE_VALUE=32000000
RCC.HSI_VALUE=16000000
RCC.I2C1Freq_Value=48000000
RCC.I2C2Freq_Value=48000000
RCC.I2C3Freq_Value=48000000
RCC.I2S2Freq_Value=16000000
RCC.IPParameters=AHBFreq_Value,APB1Freq_Value,APB1TimFreq_Value,APB2Freq_Value,APB2TimFreq_Value,APB3Freq_Value,CortexFreq_Value,FCLKCortexFreq_Value,FamilyName,HCLK3Freq_Value,HCLKFreq_Value,HSE_VALUE,HSI_VALUE,I2C1Freq_Value,I2C2Freq_Value,I2C3Freq_Value,I2S2Freq_Value,LPTIM1CLockSelection,LPTIM1Freq_Value,LPTIM2Freq_Value,LPTIM3Freq_Value,LPUART1Freq_Value,LSCOPinFreq_Value,LSE_VALUE,MCO1PinFreq_Value,MSIClockRange,PLLM,PLLN,PLLPoutputFreq_Value,PLLQoutputFreq_Value,PLLR,PLLRCLKFreq_Value,PLLSourceVirtual,PWRFreq_Value,RNGFreq_Value,RTCClockSelection,RTCFreq_Value,SYSCLKFreq_VALUE,USART1Freq_Value,USART2Freq_Value,VCOInputFreq_Value,VCOOutputFreq_Value
RCC.LPTIM1CLockSelection=RCC_LPTIM1CLKSOURCE_LSE
RCC.LPTIM1Freq_Value=32768
RCC.LPTIM2Freq_Value=48000000
RCC.LPTIM3Freq_Value=48000000
RCC.LPUART1Freq_Value=48000000
RCC.LSCOPinFreq_Value=32000
RCC.LSE_VALUE=32768
RCC.MCO1PinFreq_Value=48000000
RCC.MSIClockRange=RCC_MSIRANGE_11
RCC.PLLM=RCC_PLLM_DIV2
RCC.PLLN=9
RCC.PLLPoutputFreq_Value=72000000
RCC.PLLQoutputFreq_Value=72000000
RCC.PLLR=RCC_PLLR_DIV3
RCC.PLLRCLKFreq_Value=48000000
RCC.PLLSourceVirtual=RCC_PLLSOURCE_HSE
RCC.PWRFreq_Value=48000000
RCC.RNGFreq_Value=32000
RCC.RTCClockSelection=RCC_RTCCLKSOURCE_LSE
RCC.RTCFreq_Value=32768
RCC.SYSCLKFreq_VALUE=48000000
RCC.USART1Freq_Value=48000000
RCC.USART2Freq_Value=48000000
RCC.VCOInputFreq_Value=16000000
RCC.VCOOutputFreq_Value=144000000
RTC.Alarm-Alarm\ A=RTC_ALARM_A
RTC.AsynchPrediv=RTC_PREDIV_A
RTC.BinMode=RTC_BINARY_ONLY
RTC.IPParameters=Alarm-Alarm A,AsynchPrediv,BinMode
SH.GPXTI12.0=GPIO_EXTI12
SH.GPXTI12.ConfNb=1
SH.GPXTI15.0=GPIO_EXTI15
SH.GPXTI15.ConfNb=1
SH.GPXTI2.0=GPIO_EXTI2
SH.GPXTI2.ConfNb=1
SUBGHZ_PHY.APP_LOG_ENABLED=true
SUBGHZ_PHY.Activate_RADIO_BOARD_INTERFACE=UserBoard
SUBGHZ_PHY.IPParameters=SUBGHZ_APPLICATION,RF_FREQUENCY,LOW_POWER_DISABLE,Activate_RADIO_BOARD_INTERFACE,LORA_FIX_LENGTH_PAYLOAD_ON,APP_LOG_ENABLED,VERBOSE_LEVEL,LORA_SPREADING_FACTOR,LORA_CODINGRATE,LORA_BANDWIDTH,TX_RFO_CONFIG
SUBGHZ_PHY.LORA_BANDWIDTH=0
SUBGHZ_PHY.LORA_CODINGRATE=4
SUBGHZ_PHY.LORA_FIX_LENGTH_PAYLOAD_ON=false
SUBGHZ_PHY.LORA_SPREADING_FACTOR=11
SUBGHZ_PHY.LOW_POWER_DISABLE=true
SUBGHZ_PHY.RF_FREQUENCY=470000000
SUBGHZ_PHY.SUBGHZ_APPLICATION=SUBGHZ_ADV_APPLICATION
SUBGHZ_PHY.TX_RFO_CONFIG=RBI_CONF_RFO_HP
SUBGHZ_PHY.VERBOSE_LEVEL=VLEVEL_M
SubGHz_Phy.BSP.number=2
SubGHz_Phy0.BSP.STBoard=false
SubGHz_Phy0.BSP.api=Unknown
SubGHz_Phy0.BSP.component=
SubGHz_Phy0.BSP.condition=\!SEM_SUBGHZ_USER_APPLICATION | SEM_SUBGHZ_USE_RTC
SubGHz_Phy0.BSP.instance=RTC
SubGHz_Phy0.BSP.ip=RTC
SubGHz_Phy0.BSP.mode=RTC Enabled
SubGHz_Phy0.BSP.name=RTC
SubGHz_Phy0.BSP.semaphore=
SubGHz_Phy0.BSP.solution=RTC
SubGHz_Phy1.BSP.STBoard=false
SubGHz_Phy1.BSP.api=Unknown
SubGHz_Phy1.BSP.component=
SubGHz_Phy1.BSP.condition=\!SEM_SUBGHZ_USER_APPLICATION | SEM_SUBGHZ_USE_UART
SubGHz_Phy1.BSP.instance=USART1
SubGHz_Phy1.BSP.ip=(LPU|US)ART
SubGHz_Phy1.BSP.mode=Asynchronous
SubGHz_Phy1.BSP.name=USART
SubGHz_Phy1.BSP.semaphore=
SubGHz_Phy1.BSP.solution=USART1
TIM16.AutoReloadPreload=TIM_AUTORELOAD_PRELOAD_ENABLE
TIM16.IPParameters=Prescaler,Period,AutoReloadPreload
TIM16.Period=10000-1
TIM16.Prescaler=4800-1
TIM17.AutoReloadPreload=TIM_AUTORELOAD_PRELOAD_ENABLE
TIM17.IPParameters=AutoReloadPreload,Prescaler,Period
TIM17.Period=10-1
TIM17.Prescaler=4800-1
USART1.IPParameters=VirtualMode-Asynchronous
USART1.VirtualMode-Asynchronous=VM_ASYNC
USART2.BaudRate=9600
USART2.IPParameters=VirtualMode-Asynchronous,BaudRate
USART2.VirtualMode-Asynchronous=VM_ASYNC
VP_ADC_Vref_Input.Mode=IN-Vrefint
VP_ADC_Vref_Input.Signal=ADC_Vref_Input
VP_ADV_TRACE_VS_ADV_TRACE.Mode=ADV_TRACE_Enabled
VP_ADV_TRACE_VS_ADV_TRACE.Signal=ADV_TRACE_VS_ADV_TRACE
VP_LPTIM1_VS_LPTIM_counterModeInternalClock.Mode=Counts__internal_clock_event_00
VP_LPTIM1_VS_LPTIM_counterModeInternalClock.Signal=LPTIM1_VS_LPTIM_counterModeInternalClock
VP_MISC_VS_MISC.Mode=MISC_Enabled
VP_MISC_VS_MISC.Signal=MISC_VS_MISC
VP_RTC_VS_RTC_Activate.Mode=RTC_Enabled
VP_RTC_VS_RTC_Activate.Signal=RTC_VS_RTC_Activate
VP_RTC_VS_RTC_Alarm_A_Intern.Mode=Alarm A
VP_RTC_VS_RTC_Alarm_A_Intern.Signal=RTC_VS_RTC_Alarm_A_Intern
VP_RTC_VS_RTC_Calendar.Mode=RTC_Calendar
VP_RTC_VS_RTC_Calendar.Signal=RTC_VS_RTC_Calendar
VP_SEQUENCER_VS_SEQUENCER.Mode=SEQUENCER_Enabled
VP_SEQUENCER_VS_SEQUENCER.Signal=SEQUENCER_VS_SEQUENCER
VP_SUBGHZ_PHY_VS_SubGhzPhy.Mode=SubGhzPhy_Enabled
VP_SUBGHZ_PHY_VS_SubGhzPhy.Signal=SUBGHZ_PHY_VS_SubGhzPhy
VP_SUBGHZ_VS_SUBGHZ.Mode=SUBGHZ_Activate
VP_SUBGHZ_VS_SUBGHZ.Signal=SUBGHZ_VS_SUBGHZ
VP_SYS_VS_Systick.Mode=SysTick
VP_SYS_VS_Systick.Signal=SYS_VS_Systick
VP_TIM16_VS_ClockSourceINT.Mode=Enable_Timer
VP_TIM16_VS_ClockSourceINT.Signal=TIM16_VS_ClockSourceINT
VP_TIM17_VS_ClockSourceINT.Mode=Enable_Timer
VP_TIM17_VS_ClockSourceINT.Signal=TIM17_VS_ClockSourceINT
VP_TIMER_VS_TIMER.Mode=TIMER_Enabled
VP_TIMER_VS_TIMER.Signal=TIMER_VS_TIMER
VP_TINY_LPM_VS_TINY_LPM.Mode=TINY_LPM_Enabled
VP_TINY_LPM_VS_TINY_LPM.Signal=TINY_LPM_VS_TINY_LPM
board=custom
